
Microsoft Visual Studio Solution File, Format Version 12.00
# Visual Studio Version 16
VisualStudioVersion = 16.0.30907.101
MinimumVisualStudioVersion = 10.0.40219.1
Project("{FAE04EC0-301F-11D3-BF4B-00C04F79EFBC}") = "Schrittmacher", "Phileas\Schrittmacher.csproj", "{6084EC7A-E3AD-4FB7-8C50-B3F3A0A17668}"
EndProject
Project("{FAE04EC0-301F-11D3-BF4B-00C04F79EFBC}") = "UnitTests", "UnitTests\UnitTests.csproj", "{41255EA5-706E-44F6-B021-4D2A53A487D3}"
EndProject
Global
	GlobalSection(SolutionConfigurationPlatforms) = preSolution
		Debug|ARM = Debug|ARM
		Debug|ARM64 = Debug|ARM64
		Debug|x64 = Debug|x64
		Debug|x86 = Debug|x86
		Release|ARM = Release|ARM
		Release|ARM64 = Release|ARM64
		Release|x64 = Release|x64
		Release|x86 = Release|x86
	EndGlobalSection
	GlobalSection(ProjectConfigurationPlatforms) = postSolution
		{6084EC7A-E3AD-4FB7-8C50-B3F3A0A17668}.Debug|ARM.ActiveCfg = Debug|ARM
		{6084EC7A-E3AD-4FB7-8C50-B3F3A0A17668}.Debug|ARM.Build.0 = Debug|ARM
		{6084EC7A-E3AD-4FB7-8C50-B3F3A0A17668}.Debug|ARM.Deploy.0 = Debug|ARM
		{6084EC7A-E3AD-4FB7-8C50-B3F3A0A17668}.Debug|ARM64.ActiveCfg = Debug|ARM64
		{6084EC7A-E3AD-4FB7-8C50-B3F3A0A17668}.Debug|ARM64.Build.0 = Debug|ARM64
		{6084EC7A-E3AD-4FB7-8C50-B3F3A0A17668}.Debug|ARM64.Deploy.0 = Debug|ARM64
		{6084EC7A-E3AD-4FB7-8C50-B3F3A0A17668}.Debug|x64.ActiveCfg = Debug|x64
		{6084EC7A-E3AD-4FB7-8C50-B3F3A0A17668}.Debug|x64.Build.0 = Debug|x64
		{6084EC7A-E3AD-4FB7-8C50-B3F3A0A17668}.Debug|x64.Deploy.0 = Debug|x64
		{6084EC7A-E3AD-4FB7-8C50-B3F3A0A17668}.Debug|x86.ActiveCfg = Debug|x86
		{6084EC7A-E3AD-4FB7-8C50-B3F3A0A17668}.Debug|x86.Build.0 = Debug|x86
		{6084EC7A-E3AD-4FB7-8C50-B3F3A0A17668}.Debug|x86.Deploy.0 = Debug|x86
		{6084EC7A-E3AD-4FB7-8C50-B3F3A0A17668}.Release|ARM.ActiveCfg = Release|ARM
		{6084EC7A-E3AD-4FB7-8C50-B3F3A0A17668}.Release|ARM.Build.0 = Release|ARM
		{6084EC7A-E3AD-4FB7-8C50-B3F3A0A17668}.Release|ARM.Deploy.0 = Release|ARM
		{6084EC7A-E3AD-4FB7-8C50-B3F3A0A17668}.Release|ARM64.ActiveCfg = Release|ARM64
		{6084EC7A-E3AD-4FB7-8C50-B3F3A0A17668}.Release|ARM64.Build.0 = Release|ARM64
		{6084EC7A-E3AD-4FB7-8C50-B3F3A0A17668}.Release|ARM64.Deploy.0 = Release|ARM64
		{6084EC7A-E3AD-4FB7-8C50-B3F3A0A17668}.Release|x64.ActiveCfg = Release|x64
		{6084EC7A-E3AD-4FB7-8C50-B3F3A0A17668}.Release|x64.Build.0 = Release|x64
		{6084EC7A-E3AD-4FB7-8C50-B3F3A0A17668}.Release|x64.Deploy.0 = Release|x64
		{6084EC7A-E3AD-4FB7-8C50-B3F3A0A17668}.Release|x86.ActiveCfg = Release|x86
		{6084EC7A-E3AD-4FB7-8C50-B3F3A0A17668}.Release|x86.Build.0 = Release|x86
		{6084EC7A-E3AD-4FB7-8C50-B3F3A0A17668}.Release|x86.Deploy.0 = Release|x86
		{41255EA5-706E-44F6-B021-4D2A53A487D3}.Debug|ARM.ActiveCfg = Debug|ARM
		{41255EA5-706E-44F6-B021-4D2A53A487D3}.Debug|ARM.Build.0 = Debug|ARM
		{41255EA5-706E-44F6-B021-4D2A53A487D3}.Debug|ARM.Deploy.0 = Debug|ARM
		{41255EA5-706E-44F6-B021-4D2A53A487D3}.Debug|ARM64.ActiveCfg = Debug|ARM64
		{41255EA5-706E-44F6-B021-4D2A53A487D3}.Debug|ARM64.Build.0 = Debug|ARM64
		{41255EA5-706E-44F6-B021-4D2A53A487D3}.Debug|ARM64.Deploy.0 = Debug|ARM64
		{41255EA5-706E-44F6-B021-4D2A53A487D3}.Debug|x64.ActiveCfg = Debug|x64
		{41255EA5-706E-44F6-B021-4D2A53A487D3}.Debug|x64.Build.0 = Debug|x64
		{41255EA5-706E-44F6-B021-4D2A53A487D3}.Debug|x64.Deploy.0 = Debug|x64
		{41255EA5-706E-44F6-B021-4D2A53A487D3}.Debug|x86.ActiveCfg = Debug|x86
		{41255EA5-706E-44F6-B021-4D2A53A487D3}.Debug|x86.Build.0 = Debug|x86
		{41255EA5-706E-44F6-B021-4D2A53A487D3}.Release|ARM.ActiveCfg = Release|ARM
		{41255EA5-706E-44F6-B021-4D2A53A487D3}.Release|ARM.Build.0 = Release|ARM
		{41255EA5-706E-44F6-B021-4D2A53A487D3}.Release|ARM.Deploy.0 = Release|ARM
		{41255EA5-706E-44F6-B021-4D2A53A487D3}.Release|ARM64.ActiveCfg = Release|ARM64
		{41255EA5-706E-44F6-B021-4D2A53A487D3}.Release|ARM64.Build.0 = Release|ARM64
		{41255EA5-706E-44F6-B021-4D2A53A487D3}.Release|ARM64.Deploy.0 = Release|ARM64
		{41255EA5-706E-44F6-B021-4D2A53A487D3}.Release|x64.ActiveCfg = Release|x64
		{41255EA5-706E-44F6-B021-4D2A53A487D3}.Release|x64.Build.0 = Release|x64
		{41255EA5-706E-44F6-B021-4D2A53A487D3}.Release|x64.Deploy.0 = Release|x64
		{41255EA5-706E-44F6-B021-4D2A53A487D3}.Release|x86.ActiveCfg = Release|x86
	EndGlobalSection
	GlobalSection(SolutionProperties) = preSolution
		HideSolutionNode = FALSE
	EndGlobalSection
	GlobalSection(ExtensibilityGlobals) = postSolution
		SolutionGuid = {E48D7A0C-C4B3-467B-A585-8547FA9C6F3E}
	EndGlobalSection
EndGlobal
